<?xml version="1.0" encoding="utf-8"?>
<Project ToolsVersion="4.0" xmlns="http://schemas.microsoft.com/developer/msbuild/2003">
  <ItemGroup>
    <Filter Include="Source Files">
      <UniqueIdentifier>{4FC737F1-C7A5-4376-A066-2A32D752A2FF}</UniqueIdentifier>
      <Extensions>cpp;c;cc;cxx;def;odl;idl;hpj;bat;asm;asmx</Extensions>
    </Filter>
    <Filter Include="Header Files">
      <UniqueIdentifier>{93995380-89BD-4b04-88EB-625FBE52EBFB}</UniqueIdentifier>
      <Extensions>h;hh;hpp;hxx;hm;inl;inc;ipp;xsd</Extensions>
    </Filter>
    <Filter Include="Resource Files">
      <UniqueIdentifier>{67DA6AB6-F800-4c08-8B7A-83BB121AAD01}</UniqueIdentifier>
      <Extensions>rc;ico;cur;bmp;dlg;rc2;rct;bin;rgs;gif;jpg;jpeg;jpe;resx;tiff;tif;png;wav;mfcribbon-ms</Extensions>
    </Filter>
    <Filter Include="ColorSpaces">
      <UniqueIdentifier>{9ac353fc-d697-4708-8f68-d99ae2cb4207}</UniqueIdentifier>
    </Filter>
  </ItemGroup>
  <ItemGroup>
    <ClInclude Include="targetver.h">
      <Filter>Header Files</Filter>
    </ClInclude>
    <ClInclude Include="ColorMagic.h">
      <Filter>Header Files</Filter>
    </ClInclude>
    <ClInclude Include="ColorConverter.h">
      <Filter>Header Files</Filter>
    </ClInclude>
    <ClInclude Include="ColorSpaces\cmyk.h">
      <Filter>ColorSpaces</Filter>
    </ClInclude>
    <ClInclude Include="ColorSpaces\grey_deepcolor.h">
      <Filter>ColorSpaces</Filter>
    </ClInclude>
    <ClInclude Include="ColorSpaces\grey_truecolor.h">
      <Filter>ColorSpaces</Filter>
    </ClInclude>
    <ClInclude Include="ColorSpaces\hsl.h">
      <Filter>ColorSpaces</Filter>
    </ClInclude>
    <ClInclude Include="ColorSpaces\hsv.h">
      <Filter>ColorSpaces</Filter>
    </ClInclude>
    <ClInclude Include="ColorSpaces\lab.h">
      <Filter>ColorSpaces</Filter>
    </ClInclude>
    <ClInclude Include="ColorSpaces\rgb_deepcolor.h">
      <Filter>ColorSpaces</Filter>
    </ClInclude>
    <ClInclude Include="ColorSpaces\rgb_truecolor.h">
      <Filter>ColorSpaces</Filter>
    </ClInclude>
    <ClInclude Include="ColorSpaces\xyz.h">
      <Filter>ColorSpaces</Filter>
    </ClInclude>
    <ClInclude Include="stdafx.h">
      <Filter>Header Files</Filter>
    </ClInclude>
    <ClInclude Include="color_converter.h">
      <Filter>Header Files</Filter>
    </ClInclude>
  </ItemGroup>
  <ItemGroup>
    <ClCompile Include="ColorMagic.cpp">
      <Filter>Source Files</Filter>
    </ClCompile>
    <ClCompile Include="dllmain.cpp">
      <Filter>Source Files</Filter>
    </ClCompile>
    <ClCompile Include="ColorConverter.cpp">
      <Filter>Source Files</Filter>
    </ClCompile>
    <ClCompile Include="ColorSpaces\cmyk.cpp">
      <Filter>ColorSpaces</Filter>
    </ClCompile>
    <ClCompile Include="ColorSpaces\grey_deepcolor.cpp">
      <Filter>ColorSpaces</Filter>
    </ClCompile>
    <ClCompile Include="ColorSpaces\grey_truecolor.cpp">
      <Filter>ColorSpaces</Filter>
    </ClCompile>
    <ClCompile Include="ColorSpaces\hsl.cpp">
      <Filter>ColorSpaces</Filter>
    </ClCompile>
    <ClCompile Include="ColorSpaces\hsv.cpp">
      <Filter>ColorSpaces</Filter>
    </ClCompile>
    <ClCompile Include="ColorSpaces\lab.cpp">
      <Filter>ColorSpaces</Filter>
    </ClCompile>
    <ClCompile Include="ColorSpaces\rgb_deepcolor.cpp">
      <Filter>ColorSpaces</Filter>
    </ClCompile>
    <ClCompile Include="ColorSpaces\rgb_truecolor.cpp">
      <Filter>ColorSpaces</Filter>
    </ClCompile>
    <ClCompile Include="ColorSpaces\xyz.cpp">
      <Filter>ColorSpaces</Filter>
    </ClCompile>
    <ClCompile Include="stdafx.cpp">
      <Filter>Source Files</Filter>
    </ClCompile>
    <ClCompile Include="color_converter.cpp">
      <Filter>Source Files</Filter>
    </ClCompile>
  </ItemGroup>
</Project>